// !$*UTF8*$!
{
	archiveVersion = 1;
	classes = {
	};
	objectVersion = 50;
	objects = {

/* Begin PBXBuildFile section */
		183178D4218345E700981130 /* TEST_runtime.m in Sources */ = {isa = PBXBuildFile; fileRef = 183178D3218345E700981130 /* TEST_runtime.m */; };
		18560E7521805F47008482F5 /* WSClxClickViewController.m in Sources */ = {isa = PBXBuildFile; fileRef = 18560E7321805F47008482F5 /* WSClxClickViewController.m */; };
		18560E7621805F47008482F5 /* WSClxClickViewController.xib in Resources */ = {isa = PBXBuildFile; fileRef = 18560E7421805F47008482F5 /* WSClxClickViewController.xib */; };
		18DFA3D921743D3D0088D193 /* ELCVViewController.m in Sources */ = {isa = PBXBuildFile; fileRef = 18DFA3C521743D3D0088D193 /* ELCVViewController.m */; };
		18DFA3DA21743D3D0088D193 /* ELCVFlowLayout.m in Sources */ = {isa = PBXBuildFile; fileRef = 18DFA3C721743D3D0088D193 /* ELCVFlowLayout.m */; };
		18DFA3DB21743D3D0088D193 /* testBezierPathVC.m in Sources */ = {isa = PBXBuildFile; fileRef = 18DFA3C921743D3D0088D193 /* testBezierPathVC.m */; };
		18DFA3DC21743D3D0088D193 /* testBezierPatihView.m in Sources */ = {isa = PBXBuildFile; fileRef = 18DFA3CC21743D3D0088D193 /* testBezierPatihView.m */; };
		18DFA3DD21743D3D0088D193 /* CommUtls.m in Sources */ = {isa = PBXBuildFile; fileRef = 18DFA3D421743D3D0088D193 /* CommUtls.m */; };
		18DFA3DE21743D3D0088D193 /* NSString+time.m in Sources */ = {isa = PBXBuildFile; fileRef = 18DFA3D721743D3D0088D193 /* NSString+time.m */; };
		18DFA405217473190088D193 /* UIView+layout.m in Sources */ = {isa = PBXBuildFile; fileRef = 18DFA404217473190088D193 /* UIView+layout.m */; };
		18DFA4082174745B0088D193 /* testlayoutVC.m in Sources */ = {isa = PBXBuildFile; fileRef = 18DFA4072174745B0088D193 /* testlayoutVC.m */; };
		18DFA40C217478BC0088D193 /* SCBottomPushView.m in Sources */ = {isa = PBXBuildFile; fileRef = 18DFA40B217478BC0088D193 /* SCBottomPushView.m */; };
		18DFA41021747AB90088D193 /* MOLClipMusicView.m in Sources */ = {isa = PBXBuildFile; fileRef = 18DFA40E21747AB90088D193 /* MOLClipMusicView.m */; };
		18DFA41321747B1F0088D193 /* TEST_SCBottomPushViewVC.m in Sources */ = {isa = PBXBuildFile; fileRef = 18DFA41221747B1F0088D193 /* TEST_SCBottomPushViewVC.m */; };
		64112A2A213795D70045517F /* AppDelegate.m in Sources */ = {isa = PBXBuildFile; fileRef = 64112A29213795D70045517F /* AppDelegate.m */; };
		64112A2D213795D70045517F /* ViewController.m in Sources */ = {isa = PBXBuildFile; fileRef = 64112A2C213795D70045517F /* ViewController.m */; };
		64112A30213795D70045517F /* Main.storyboard in Resources */ = {isa = PBXBuildFile; fileRef = 64112A2E213795D70045517F /* Main.storyboard */; };
		64112A32213795D80045517F /* Assets.xcassets in Resources */ = {isa = PBXBuildFile; fileRef = 64112A31213795D80045517F /* Assets.xcassets */; };
		64112A35213795D80045517F /* LaunchScreen.storyboard in Resources */ = {isa = PBXBuildFile; fileRef = 64112A33213795D80045517F /* LaunchScreen.storyboard */; };
		64112A38213795D80045517F /* main.m in Sources */ = {isa = PBXBuildFile; fileRef = 64112A37213795D80045517F /* main.m */; };
		64112A42213795D80045517F /* WSCTOOLTests.m in Sources */ = {isa = PBXBuildFile; fileRef = 64112A41213795D80045517F /* WSCTOOLTests.m */; };
		64112A4D213795D80045517F /* WSCTOOLUITests.m in Sources */ = {isa = PBXBuildFile; fileRef = 64112A4C213795D80045517F /* WSCTOOLUITests.m */; };
/* End PBXBuildFile section */

/* Begin PBXContainerItemProxy section */
		64112A3E213795D80045517F /* PBXContainerItemProxy */ = {
			isa = PBXContainerItemProxy;
			containerPortal = 64112A1D213795D70045517F /* Project object */;
			proxyType = 1;
			remoteGlobalIDString = 64112A24213795D70045517F;
			remoteInfo = WSCTOOL;
		};
		64112A49213795D80045517F /* PBXContainerItemProxy */ = {
			isa = PBXContainerItemProxy;
			containerPortal = 64112A1D213795D70045517F /* Project object */;
			proxyType = 1;
			remoteGlobalIDString = 64112A24213795D70045517F;
			remoteInfo = WSCTOOL;
		};
/* End PBXContainerItemProxy section */

/* Begin PBXCopyFilesBuildPhase section */
		18DFA4002174484F0088D193 /* Embed Frameworks */ = {
			isa = PBXCopyFilesBuildPhase;
			buildActionMask = 2147483647;
			dstPath = "";
			dstSubfolderSpec = 10;
			files = (
			);
			name = "Embed Frameworks";
			runOnlyForDeploymentPostprocessing = 0;
		};
/* End PBXCopyFilesBuildPhase section */

/* Begin PBXFileReference section */
		183178D2218345E700981130 /* TEST_runtime.h */ = {isa = PBXFileReference; lastKnownFileType = sourcecode.c.h; path = TEST_runtime.h; sourceTree = "<group>"; };
		183178D3218345E700981130 /* TEST_runtime.m */ = {isa = PBXFileReference; lastKnownFileType = sourcecode.c.objc; path = TEST_runtime.m; sourceTree = "<group>"; };
		18560E7221805F47008482F5 /* WSClxClickViewController.h */ = {isa = PBXFileReference; lastKnownFileType = sourcecode.c.h; path = WSClxClickViewController.h; sourceTree = "<group>"; };
		18560E7321805F47008482F5 /* WSClxClickViewController.m */ = {isa = PBXFileReference; lastKnownFileType = sourcecode.c.objc; path = WSClxClickViewController.m; sourceTree = "<group>"; };
		18560E7421805F47008482F5 /* WSClxClickViewController.xib */ = {isa = PBXFileReference; lastKnownFileType = file.xib; path = WSClxClickViewController.xib; sourceTree = "<group>"; };
		18DFA3C421743D3D0088D193 /* ELCVFlowLayout.h */ = {isa = PBXFileReference; fileEncoding = 4; lastKnownFileType = sourcecode.c.h; path = ELCVFlowLayout.h; sourceTree = "<group>"; };
		18DFA3C521743D3D0088D193 /* ELCVViewController.m */ = {isa = PBXFileReference; fileEncoding = 4; lastKnownFileType = sourcecode.c.objc; path = ELCVViewController.m; sourceTree = "<group>"; };
		18DFA3C621743D3D0088D193 /* ELCVViewController.h */ = {isa = PBXFileReference; fileEncoding = 4; lastKnownFileType = sourcecode.c.h; path = ELCVViewController.h; sourceTree = "<group>"; };
		18DFA3C721743D3D0088D193 /* ELCVFlowLayout.m */ = {isa = PBXFileReference; fileEncoding = 4; lastKnownFileType = sourcecode.c.objc; path = ELCVFlowLayout.m; sourceTree = "<group>"; };
		18DFA3C921743D3D0088D193 /* testBezierPathVC.m */ = {isa = PBXFileReference; fileEncoding = 4; lastKnownFileType = sourcecode.c.objc; path = testBezierPathVC.m; sourceTree = "<group>"; };
		18DFA3CB21743D3D0088D193 /* testBezierPatihView.h */ = {isa = PBXFileReference; fileEncoding = 4; lastKnownFileType = sourcecode.c.h; path = testBezierPatihView.h; sourceTree = "<group>"; };
		18DFA3CC21743D3D0088D193 /* testBezierPatihView.m */ = {isa = PBXFileReference; fileEncoding = 4; lastKnownFileType = sourcecode.c.objc; path = testBezierPatihView.m; sourceTree = "<group>"; };
		18DFA3CD21743D3D0088D193 /* testBezierPathVC.h */ = {isa = PBXFileReference; fileEncoding = 4; lastKnownFileType = sourcecode.c.h; path = testBezierPathVC.h; sourceTree = "<group>"; };
		18DFA3CF21743D3D0088D193 /* Header.h */ = {isa = PBXFileReference; fileEncoding = 4; lastKnownFileType = sourcecode.c.h; path = Header.h; sourceTree = "<group>"; };
		18DFA3D021743D3D0088D193 /* WSCDefine.h */ = {isa = PBXFileReference; fileEncoding = 4; lastKnownFileType = sourcecode.c.h; path = WSCDefine.h; sourceTree = "<group>"; };
		18DFA3D121743D3D0088D193 /* PrefixHeader.pch */ = {isa = PBXFileReference; fileEncoding = 4; lastKnownFileType = sourcecode.c.h; path = PrefixHeader.pch; sourceTree = "<group>"; };
		18DFA3D321743D3D0088D193 /* CommUtls.h */ = {isa = PBXFileReference; fileEncoding = 4; lastKnownFileType = sourcecode.c.h; path = CommUtls.h; sourceTree = "<group>"; };
		18DFA3D421743D3D0088D193 /* CommUtls.m */ = {isa = PBXFileReference; fileEncoding = 4; lastKnownFileType = sourcecode.c.objc; path = CommUtls.m; sourceTree = "<group>"; };
		18DFA3D621743D3D0088D193 /* NSString+time.h */ = {isa = PBXFileReference; fileEncoding = 4; lastKnownFileType = sourcecode.c.h; path = "NSString+time.h"; sourceTree = "<group>"; };
		18DFA3D721743D3D0088D193 /* NSString+time.m */ = {isa = PBXFileReference; fileEncoding = 4; lastKnownFileType = sourcecode.c.objc; path = "NSString+time.m"; sourceTree = "<group>"; };
		18DFA3D821743D3D0088D193 /* NSString+SSS.h */ = {isa = PBXFileReference; fileEncoding = 4; lastKnownFileType = sourcecode.c.h; path = "NSString+SSS.h"; sourceTree = "<group>"; };
		18DFA403217473190088D193 /* UIView+layout.h */ = {isa = PBXFileReference; lastKnownFileType = sourcecode.c.h; path = "UIView+layout.h"; sourceTree = "<group>"; };
		18DFA404217473190088D193 /* UIView+layout.m */ = {isa = PBXFileReference; lastKnownFileType = sourcecode.c.objc; path = "UIView+layout.m"; sourceTree = "<group>"; };
		18DFA4062174745B0088D193 /* testlayoutVC.h */ = {isa = PBXFileReference; lastKnownFileType = sourcecode.c.h; path = testlayoutVC.h; sourceTree = "<group>"; };
		18DFA4072174745B0088D193 /* testlayoutVC.m */ = {isa = PBXFileReference; lastKnownFileType = sourcecode.c.objc; path = testlayoutVC.m; sourceTree = "<group>"; };
		18DFA40A217478BC0088D193 /* SCBottomPushView.h */ = {isa = PBXFileReference; lastKnownFileType = sourcecode.c.h; path = SCBottomPushView.h; sourceTree = "<group>"; };
		18DFA40B217478BC0088D193 /* SCBottomPushView.m */ = {isa = PBXFileReference; lastKnownFileType = sourcecode.c.objc; path = SCBottomPushView.m; sourceTree = "<group>"; };
		18DFA40E21747AB90088D193 /* MOLClipMusicView.m */ = {isa = PBXFileReference; fileEncoding = 4; lastKnownFileType = sourcecode.c.objc; path = MOLClipMusicView.m; sourceTree = "<group>"; };
		18DFA40F21747AB90088D193 /* MOLClipMusicView.h */ = {isa = PBXFileReference; fileEncoding = 4; lastKnownFileType = sourcecode.c.h; path = MOLClipMusicView.h; sourceTree = "<group>"; };
		18DFA41121747B1F0088D193 /* TEST_SCBottomPushViewVC.h */ = {isa = PBXFileReference; lastKnownFileType = sourcecode.c.h; path = TEST_SCBottomPushViewVC.h; sourceTree = "<group>"; };
		18DFA41221747B1F0088D193 /* TEST_SCBottomPushViewVC.m */ = {isa = PBXFileReference; lastKnownFileType = sourcecode.c.objc; path = TEST_SCBottomPushViewVC.m; sourceTree = "<group>"; };
		64112A25213795D70045517F /* WSCTOOL.app */ = {isa = PBXFileReference; explicitFileType = wrapper.application; includeInIndex = 0; path = WSCTOOL.app; sourceTree = BUILT_PRODUCTS_DIR; };
		64112A28213795D70045517F /* AppDelegate.h */ = {isa = PBXFileReference; lastKnownFileType = sourcecode.c.h; path = AppDelegate.h; sourceTree = "<group>"; };
		64112A29213795D70045517F /* AppDelegate.m */ = {isa = PBXFileReference; lastKnownFileType = sourcecode.c.objc; path = AppDelegate.m; sourceTree = "<group>"; };
		64112A2B213795D70045517F /* ViewController.h */ = {isa = PBXFileReference; lastKnownFileType = sourcecode.c.h; path = ViewController.h; sourceTree = "<group>"; };
		64112A2C213795D70045517F /* ViewController.m */ = {isa = PBXFileReference; lastKnownFileType = sourcecode.c.objc; path = ViewController.m; sourceTree = "<group>"; };
		64112A2F213795D70045517F /* Base */ = {isa = PBXFileReference; lastKnownFileType = file.storyboard; name = Base; path = Base.lproj/Main.storyboard; sourceTree = "<group>"; };
		64112A31213795D80045517F /* Assets.xcassets */ = {isa = PBXFileReference; lastKnownFileType = folder.assetcatalog; path = Assets.xcassets; sourceTree = "<group>"; };
		64112A34213795D80045517F /* Base */ = {isa = PBXFileReference; lastKnownFileType = file.storyboard; name = Base; path = Base.lproj/LaunchScreen.storyboard; sourceTree = "<group>"; };
		64112A36213795D80045517F /* Info.plist */ = {isa = PBXFileReference; lastKnownFileType = text.plist.xml; path = Info.plist; sourceTree = "<group>"; };
		64112A37213795D80045517F /* main.m */ = {isa = PBXFileReference; lastKnownFileType = sourcecode.c.objc; path = main.m; sourceTree = "<group>"; };
		64112A3D213795D80045517F /* WSCTOOLTests.xctest */ = {isa = PBXFileReference; explicitFileType = wrapper.cfbundle; includeInIndex = 0; path = WSCTOOLTests.xctest; sourceTree = BUILT_PRODUCTS_DIR; };
		64112A41213795D80045517F /* WSCTOOLTests.m */ = {isa = PBXFileReference; lastKnownFileType = sourcecode.c.objc; path = WSCTOOLTests.m; sourceTree = "<group>"; };
		64112A43213795D80045517F /* Info.plist */ = {isa = PBXFileReference; lastKnownFileType = text.plist.xml; path = Info.plist; sourceTree = "<group>"; };
		64112A48213795D80045517F /* WSCTOOLUITests.xctest */ = {isa = PBXFileReference; explicitFileType = wrapper.cfbundle; includeInIndex = 0; path = WSCTOOLUITests.xctest; sourceTree = BUILT_PRODUCTS_DIR; };
		64112A4C213795D80045517F /* WSCTOOLUITests.m */ = {isa = PBXFileReference; lastKnownFileType = sourcecode.c.objc; path = WSCTOOLUITests.m; sourceTree = "<group>"; };
		64112A4E213795D80045517F /* Info.plist */ = {isa = PBXFileReference; lastKnownFileType = text.plist.xml; path = Info.plist; sourceTree = "<group>"; };
/* End PBXFileReference section */

/* Begin PBXFrameworksBuildPhase section */
		64112A22213795D70045517F /* Frameworks */ = {
			isa = PBXFrameworksBuildPhase;
			buildActionMask = 2147483647;
			files = (
			);
			runOnlyForDeploymentPostprocessing = 0;
		};
		64112A3A213795D80045517F /* Frameworks */ = {
			isa = PBXFrameworksBuildPhase;
			buildActionMask = 2147483647;
			files = (
			);
			runOnlyForDeploymentPostprocessing = 0;
		};
		64112A45213795D80045517F /* Frameworks */ = {
			isa = PBXFrameworksBuildPhase;
			buildActionMask = 2147483647;
			files = (
			);
			runOnlyForDeploymentPostprocessing = 0;
		};
/* End PBXFrameworksBuildPhase section */

/* Begin PBXGroup section */
		183178D1218345C000981130 /* 获取成员变量 */ = {
			isa = PBXGroup;
			children = (
				183178D2218345E700981130 /* TEST_runtime.h */,
				183178D3218345E700981130 /* TEST_runtime.m */,
			);
			path = "获取成员变量";
			sourceTree = "<group>";
		};
		18560E6D21805EC7008482F5 /* 防止连续点击 */ = {
			isa = PBXGroup;
			children = (
				18560E7221805F47008482F5 /* WSClxClickViewController.h */,
				18560E7321805F47008482F5 /* WSClxClickViewController.m */,
				18560E7421805F47008482F5 /* WSClxClickViewController.xib */,
			);
			path = "防止连续点击";
			sourceTree = "<group>";
		};
		18DFA3C221743D3D0088D193 /* learn */ = {
			isa = PBXGroup;
			children = (
				183178D1218345C000981130 /* 获取成员变量 */,
				18560E6D21805EC7008482F5 /* 防止连续点击 */,
				18DFA409217478450088D193 /* SCBottomPushView */,
				18DFA402217472C30088D193 /* UIView+layout */,
				18DFA3C321743D3D0088D193 /* 横向分页横向滚动的collectionView */,
				18DFA3C821743D3D0088D193 /* UIBezierPath */,
			);
			path = learn;
			sourceTree = "<group>";
		};
		18DFA3C321743D3D0088D193 /* 横向分页横向滚动的collectionView */ = {
			isa = PBXGroup;
			children = (
				18DFA3C421743D3D0088D193 /* ELCVFlowLayout.h */,
				18DFA3C721743D3D0088D193 /* ELCVFlowLayout.m */,
				18DFA3C621743D3D0088D193 /* ELCVViewController.h */,
				18DFA3C521743D3D0088D193 /* ELCVViewController.m */,
			);
			path = "横向分页横向滚动的collectionView";
			sourceTree = "<group>";
		};
		18DFA3C821743D3D0088D193 /* UIBezierPath */ = {
			isa = PBXGroup;
			children = (
				18DFA3CA21743D3D0088D193 /* view */,
				18DFA3CD21743D3D0088D193 /* testBezierPathVC.h */,
				18DFA3C921743D3D0088D193 /* testBezierPathVC.m */,
			);
			path = UIBezierPath;
			sourceTree = "<group>";
		};
		18DFA3CA21743D3D0088D193 /* view */ = {
			isa = PBXGroup;
			children = (
				18DFA3CB21743D3D0088D193 /* testBezierPatihView.h */,
				18DFA3CC21743D3D0088D193 /* testBezierPatihView.m */,
			);
			path = view;
			sourceTree = "<group>";
		};
		18DFA3CE21743D3D0088D193 /* PCH */ = {
			isa = PBXGroup;
			children = (
				18DFA3CF21743D3D0088D193 /* Header.h */,
				18DFA3D021743D3D0088D193 /* WSCDefine.h */,
				18DFA3D121743D3D0088D193 /* PrefixHeader.pch */,
			);
			path = PCH;
			sourceTree = "<group>";
		};
		18DFA3D221743D3D0088D193 /* Utility */ = {
			isa = PBXGroup;
			children = (
				18DFA3D321743D3D0088D193 /* CommUtls.h */,
				18DFA3D421743D3D0088D193 /* CommUtls.m */,
				18DFA3D521743D3D0088D193 /* Categories */,
			);
			path = Utility;
			sourceTree = "<group>";
		};
		18DFA3D521743D3D0088D193 /* Categories */ = {
			isa = PBXGroup;
			children = (
				18DFA3D621743D3D0088D193 /* NSString+time.h */,
				18DFA3D721743D3D0088D193 /* NSString+time.m */,
				18DFA3D821743D3D0088D193 /* NSString+SSS.h */,
			);
			path = Categories;
			sourceTree = "<group>";
		};
		18DFA402217472C30088D193 /* UIView+layout */ = {
			isa = PBXGroup;
			children = (
				18DFA403217473190088D193 /* UIView+layout.h */,
				18DFA404217473190088D193 /* UIView+layout.m */,
				18DFA4062174745B0088D193 /* testlayoutVC.h */,
				18DFA4072174745B0088D193 /* testlayoutVC.m */,
			);
			path = "UIView+layout";
			sourceTree = "<group>";
		};
		18DFA409217478450088D193 /* SCBottomPushView */ = {
			isa = PBXGroup;
			children = (
				18DFA40A217478BC0088D193 /* SCBottomPushView.h */,
				18DFA40B217478BC0088D193 /* SCBottomPushView.m */,
				18DFA40F21747AB90088D193 /* MOLClipMusicView.h */,
				18DFA40E21747AB90088D193 /* MOLClipMusicView.m */,
				18DFA41121747B1F0088D193 /* TEST_SCBottomPushViewVC.h */,
				18DFA41221747B1F0088D193 /* TEST_SCBottomPushViewVC.m */,
			);
			path = SCBottomPushView;
			sourceTree = "<group>";
		};
		64112A1C213795D70045517F = {
			isa = PBXGroup;
			children = (
				64112A27213795D70045517F /* WSCTOOL */,
				64112A40213795D80045517F /* WSCTOOLTests */,
				64112A4B213795D80045517F /* WSCTOOLUITests */,
				64112A26213795D70045517F /* Products */,
			);
			sourceTree = "<group>";
		};
		64112A26213795D70045517F /* Products */ = {
			isa = PBXGroup;
			children = (
				64112A25213795D70045517F /* WSCTOOL.app */,
				64112A3D213795D80045517F /* WSCTOOLTests.xctest */,
				64112A48213795D80045517F /* WSCTOOLUITests.xctest */,
			);
			name = Products;
			sourceTree = "<group>";
		};
		64112A27213795D70045517F /* WSCTOOL */ = {
			isa = PBXGroup;
			children = (
				18DFA3C221743D3D0088D193 /* learn */,
				18DFA3CE21743D3D0088D193 /* PCH */,
				18DFA3D221743D3D0088D193 /* Utility */,
				64112A5A213795E30045517F /* AppDelegate */,
				64112A5B213795F70045517F /* Main */,
			);
			path = WSCTOOL;
			sourceTree = "<group>";
		};
		64112A40213795D80045517F /* WSCTOOLTests */ = {
			isa = PBXGroup;
			children = (
				64112A41213795D80045517F /* WSCTOOLTests.m */,
				64112A43213795D80045517F /* Info.plist */,
			);
			path = WSCTOOLTests;
			sourceTree = "<group>";
		};
		64112A4B213795D80045517F /* WSCTOOLUITests */ = {
			isa = PBXGroup;
			children = (
				64112A4C213795D80045517F /* WSCTOOLUITests.m */,
				64112A4E213795D80045517F /* Info.plist */,
			);
			path = WSCTOOLUITests;
			sourceTree = "<group>";
		};
		64112A5A213795E30045517F /* AppDelegate */ = {
			isa = PBXGroup;
			children = (
				64112A28213795D70045517F /* AppDelegate.h */,
				64112A29213795D70045517F /* AppDelegate.m */,
			);
			path = AppDelegate;
			sourceTree = "<group>";
		};
		64112A5B213795F70045517F /* Main */ = {
			isa = PBXGroup;
			children = (
				64112A2B213795D70045517F /* ViewController.h */,
				64112A2C213795D70045517F /* ViewController.m */,
				64112A2E213795D70045517F /* Main.storyboard */,
				64112A31213795D80045517F /* Assets.xcassets */,
				64112A33213795D80045517F /* LaunchScreen.storyboard */,
				64112A37213795D80045517F /* main.m */,
				64112A36213795D80045517F /* Info.plist */,
			);
			path = Main;
			sourceTree = "<group>";
		};
/* End PBXGroup section */

/* Begin PBXNativeTarget section */
		64112A24213795D70045517F /* WSCTOOL */ = {
			isa = PBXNativeTarget;
			buildConfigurationList = 64112A51213795D80045517F /* Build configuration list for PBXNativeTarget "WSCTOOL" */;
			buildPhases = (
				64112A21213795D70045517F /* Sources */,
				64112A22213795D70045517F /* Frameworks */,
				64112A23213795D70045517F /* Resources */,
				18DFA4002174484F0088D193 /* Embed Frameworks */,
			);
			buildRules = (
			);
			dependencies = (
			);
			name = WSCTOOL;
			productName = WSCTOOL;
			productReference = 64112A25213795D70045517F /* WSCTOOL.app */;
			productType = "com.apple.product-type.application";
		};
		64112A3C213795D80045517F /* WSCTOOLTests */ = {
			isa = PBXNativeTarget;
			buildConfigurationList = 64112A54213795D80045517F /* Build configuration list for PBXNativeTarget "WSCTOOLTests" */;
			buildPhases = (
				64112A39213795D80045517F /* Sources */,
				64112A3A213795D80045517F /* Frameworks */,
				64112A3B213795D80045517F /* Resources */,
			);
			buildRules = (
			);
			dependencies = (
				64112A3F213795D80045517F /* PBXTargetDependency */,
			);
			name = WSCTOOLTests;
			productName = WSCTOOLTests;
			productReference = 64112A3D213795D80045517F /* WSCTOOLTests.xctest */;
			productType = "com.apple.product-type.bundle.unit-test";
		};
		64112A47213795D80045517F /* WSCTOOLUITests */ = {
			isa = PBXNativeTarget;
			buildConfigurationList = 64112A57213795D80045517F /* Build configuration list for PBXNativeTarget "WSCTOOLUITests" */;
			buildPhases = (
				64112A44213795D80045517F /* Sources */,
				64112A45213795D80045517F /* Frameworks */,
				64112A46213795D80045517F /* Resources */,
			);
			buildRules = (
			);
			dependencies = (
				64112A4A213795D80045517F /* PBXTargetDependency */,
			);
			name = WSCTOOLUITests;
			productName = WSCTOOLUITests;
			productReference = 64112A48213795D80045517F /* WSCTOOLUITests.xctest */;
			productType = "com.apple.product-type.bundle.ui-testing";
		};
/* End PBXNativeTarget section */

/* Begin PBXProject section */
		64112A1D213795D70045517F /* Project object */ = {
			isa = PBXProject;
			attributes = {
				LastUpgradeCheck = 0940;
				ORGANIZATIONNAME = WSC;
				TargetAttributes = {
					64112A24213795D70045517F = {
						CreatedOnToolsVersion = 9.4.1;
					};
					64112A3C213795D80045517F = {
						CreatedOnToolsVersion = 9.4.1;
						TestTargetID = 64112A24213795D70045517F;
					};
					64112A47213795D80045517F = {
						CreatedOnToolsVersion = 9.4.1;
						TestTargetID = 64112A24213795D70045517F;
					};
				};
			};
			buildConfigurationList = 64112A20213795D70045517F /* Build configuration list for PBXProject "WSCTOOL" */;
			compatibilityVersion = "Xcode 9.3";
			developmentRegion = en;
			hasScannedForEncodings = 0;
			knownRegions = (
				en,
				Base,
			);
			mainGroup = 64112A1C213795D70045517F;
			productRefGroup = 64112A26213795D70045517F /* Products */;
			projectDirPath = "";
			projectRoot = "";
			targets = (
				64112A24213795D70045517F /* WSCTOOL */,
				64112A3C213795D80045517F /* WSCTOOLTests */,
				64112A47213795D80045517F /* WSCTOOLUITests */,
			);
		};
/* End PBXProject section */

/* Begin PBXResourcesBuildPhase section */
		64112A23213795D70045517F /* Resources */ = {
			isa = PBXResourcesBuildPhase;
			buildActionMask = 2147483647;
			files = (
				64112A35213795D80045517F /* LaunchScreen.storyboard in Resources */,
				64112A32213795D80045517F /* Assets.xcassets in Resources */,
				64112A30213795D70045517F /* Main.storyboard in Resources */,
				18560E7621805F47008482F5 /* WSClxClickViewController.xib in Resources */,
			);
			runOnlyForDeploymentPostprocessing = 0;
		};
		64112A3B213795D80045517F /* Resources */ = {
			isa = PBXResourcesBuildPhase;
			buildActionMask = 2147483647;
			files = (
			);
			runOnlyForDeploymentPostprocessing = 0;
		};
		64112A46213795D80045517F /* Resources */ = {
			isa = PBXResourcesBuildPhase;
			buildActionMask = 2147483647;
			files = (
			);
			runOnlyForDeploymentPostprocessing = 0;
		};
/* End PBXResourcesBuildPhase section */

/* Begin PBXSourcesBuildPhase section */
		64112A21213795D70045517F /* Sources */ = {
			isa = PBXSourcesBuildPhase;
			buildActionMask = 2147483647;
			files = (
				18DFA3DC21743D3D0088D193 /* testBezierPatihView.m in Sources */,
				18DFA3DD21743D3D0088D193 /* CommUtls.m in Sources */,
				18DFA3DB21743D3D0088D193 /* testBezierPathVC.m in Sources */,
				18DFA3D921743D3D0088D193 /* ELCVViewController.m in Sources */,
				18DFA3DE21743D3D0088D193 /* NSString+time.m in Sources */,
				64112A2D213795D70045517F /* ViewController.m in Sources */,
				64112A38213795D80045517F /* main.m in Sources */,
				18560E7521805F47008482F5 /* WSClxClickViewController.m in Sources */,
				64112A2A213795D70045517F /* AppDelegate.m in Sources */,
				18DFA41321747B1F0088D193 /* TEST_SCBottomPushViewVC.m in Sources */,
				18DFA41021747AB90088D193 /* MOLClipMusicView.m in Sources */,
				18DFA405217473190088D193 /* UIView+layout.m in Sources */,
				183178D4218345E700981130 /* TEST_runtime.m in Sources */,
				18DFA4082174745B0088D193 /* testlayoutVC.m in Sources */,
				18DFA3DA21743D3D0088D193 /* ELCVFlowLayout.m in Sources */,
				18DFA40C217478BC0088D193 /* SCBottomPushView.m in Sources */,
			);
			runOnlyForDeploymentPostprocessing = 0;
		};
		64112A39213795D80045517F /* Sources */ = {
			isa = PBXSourcesBuildPhase;
			buildActionMask = 2147483647;
			files = (
				64112A42213795D80045517F /* WSCTOOLTests.m in Sources */,
			);
			runOnlyForDeploymentPostprocessing = 0;
		};
		64112A44213795D80045517F /* Sources */ = {
			isa = PBXSourcesBuildPhase;
			buildActionMask = 2147483647;
			files = (
				64112A4D213795D80045517F /* WSCTOOLUITests.m in Sources */,
			);
			runOnlyForDeploymentPostprocessing = 0;
		};
/* End PBXSourcesBuildPhase section */

/* Begin PBXTargetDependency section */
		64112A3F213795D80045517F /* PBXTargetDependency */ = {
			isa = PBXTargetDependency;
			target = 64112A24213795D70045517F /* WSCTOOL */;
			targetProxy = 64112A3E213795D80045517F /* PBXContainerItemProxy */;
		};
		64112A4A213795D80045517F /* PBXTargetDependency */ = {
			isa = PBXTargetDependency;
			target = 64112A24213795D70045517F /* WSCTOOL */;
			targetProxy = 64112A49213795D80045517F /* PBXContainerItemProxy */;
		};
/* End PBXTargetDependency section */

/* Begin PBXVariantGroup section */
		64112A2E213795D70045517F /* Main.storyboard */ = {
			isa = PBXVariantGroup;
			children = (
				64112A2F213795D70045517F /* Base */,
			);
			name = Main.storyboard;
			sourceTree = "<group>";
		};
		64112A33213795D80045517F /* LaunchScreen.storyboard */ = {
			isa = PBXVariantGroup;
			children = (
				64112A34213795D80045517F /* Base */,
			);
			name = LaunchScreen.storyboard;
			sourceTree = "<group>";
		};
/* End PBXVariantGroup section */

/* Begin XCBuildConfiguration section */
		64112A4F213795D80045517F /* Debug */ = {
			isa = XCBuildConfiguration;
			buildSettings = {
				ALWAYS_SEARCH_USER_PATHS = NO;
				CLANG_ANALYZER_NONNULL = YES;
				CLANG_ANALYZER_NUMBER_OBJECT_CONVERSION = YES_AGGRESSIVE;
				CLANG_CXX_LANGUAGE_STANDARD = "gnu++14";
				CLANG_CXX_LIBRARY = "libc++";
				CLANG_ENABLE_MODULES = YES;
				CLANG_ENABLE_OBJC_ARC = YES;
				CLANG_ENABLE_OBJC_WEAK = YES;
				CLANG_WARN_BLOCK_CAPTURE_AUTORELEASING = YES;
				CLANG_WARN_BOOL_CONVERSION = YES;
				CLANG_WARN_COMMA = YES;
				CLANG_WARN_CONSTANT_CONVERSION = YES;
				CLANG_WARN_DEPRECATED_OBJC_IMPLEMENTATIONS = YES;
				CLANG_WARN_DIRECT_OBJC_ISA_USAGE = YES_ERROR;
				CLANG_WARN_DOCUMENTATION_COMMENTS = YES;
				CLANG_WARN_EMPTY_BODY = YES;
				CLANG_WARN_ENUM_CONVERSION = YES;
				CLANG_WARN_INFINITE_RECURSION = YES;
				CLANG_WARN_INT_CONVERSION = YES;
				CLANG_WARN_NON_LITERAL_NULL_CONVERSION = YES;
				CLANG_WARN_OBJC_IMPLICIT_RETAIN_SELF = YES;
				CLANG_WARN_OBJC_LITERAL_CONVERSION = YES;
				CLANG_WARN_OBJC_ROOT_CLASS = YES_ERROR;
				CLANG_WARN_RANGE_LOOP_ANALYSIS = YES;
				CLANG_WARN_STRICT_PROTOTYPES = YES;
				CLANG_WARN_SUSPICIOUS_MOVE = YES;
				CLANG_WARN_UNGUARDED_AVAILABILITY = YES_AGGRESSIVE;
				CLANG_WARN_UNREACHABLE_CODE = YES;
				CLANG_WARN__DUPLICATE_METHOD_MATCH = YES;
				CODE_SIGN_IDENTITY = "iPhone Developer";
				COPY_PHASE_STRIP = NO;
				DEBUG_INFORMATION_FORMAT = dwarf;
				ENABLE_STRICT_OBJC_MSGSEND = YES;
				ENABLE_TESTABILITY = YES;
				GCC_C_LANGUAGE_STANDARD = gnu11;
				GCC_DYNAMIC_NO_PIC = NO;
				GCC_NO_COMMON_BLOCKS = YES;
				GCC_OPTIMIZATION_LEVEL = 0;
				GCC_PREPROCESSOR_DEFINITIONS = (
					"DEBUG=1",
					"$(inherited)",
				);
				GCC_WARN_64_TO_32_BIT_CONVERSION = YES;
				GCC_WARN_ABOUT_RETURN_TYPE = YES_ERROR;
				GCC_WARN_UNDECLARED_SELECTOR = YES;
				GCC_WARN_UNINITIALIZED_AUTOS = YES_AGGRESSIVE;
				GCC_WARN_UNUSED_FUNCTION = YES;
				GCC_WARN_UNUSED_VARIABLE = YES;
				IPHONEOS_DEPLOYMENT_TARGET = 11.4;
				MTL_ENABLE_DEBUG_INFO = YES;
				ONLY_ACTIVE_ARCH = YES;
				SDKROOT = iphoneos;
			};
			name = Debug;
		};
		64112A50213795D80045517F /* Release */ = {
			isa = XCBuildConfiguration;
			buildSettings = {
				ALWAYS_SEARCH_USER_PATHS = NO;
				CLANG_ANALYZER_NONNULL = YES;
				CLANG_ANALYZER_NUMBER_OBJECT_CONVERSION = YES_AGGRESSIVE;
				CLANG_CXX_LANGUAGE_STANDARD = "gnu++14";
				CLANG_CXX_LIBRARY = "libc++";
				CLANG_ENABLE_MODULES = YES;
				CLANG_ENABLE_OBJC_ARC = YES;
				CLANG_ENABLE_OBJC_WEAK = YES;
				CLANG_WARN_BLOCK_CAPTURE_AUTORELEASING = YES;
				CLANG_WARN_BOOL_CONVERSION = YES;
				CLANG_WARN_COMMA = YES;
				CLANG_WARN_CONSTANT_CONVERSION = YES;
				CLANG_WARN_DEPRECATED_OBJC_IMPLEMENTATIONS = YES;
				CLANG_WARN_DIRECT_OBJC_ISA_USAGE = YES_ERROR;
				CLANG_WARN_DOCUMENTATION_COMMENTS = YES;
				CLANG_WARN_EMPTY_BODY = YES;
				CLANG_WARN_ENUM_CONVERSION = YES;
				CLANG_WARN_INFINITE_RECURSION = YES;
				CLANG_WARN_INT_CONVERSION = YES;
				CLANG_WARN_NON_LITERAL_NULL_CONVERSION = YES;
				CLANG_WARN_OBJC_IMPLICIT_RETAIN_SELF = YES;
				CLANG_WARN_OBJC_LITERAL_CONVERSION = YES;
				CLANG_WARN_OBJC_ROOT_CLASS = YES_ERROR;
				CLANG_WARN_RANGE_LOOP_ANALYSIS = YES;
				CLANG_WARN_STRICT_PROTOTYPES = YES;
				CLANG_WARN_SUSPICIOUS_MOVE = YES;
				CLANG_WARN_UNGUARDED_AVAILABILITY = YES_AGGRESSIVE;
				CLANG_WARN_UNREACHABLE_CODE = YES;
				CLANG_WARN__DUPLICATE_METHOD_MATCH = YES;
				CODE_SIGN_IDENTITY = "iPhone Developer";
				COPY_PHASE_STRIP = NO;
				DEBUG_INFORMATION_FORMAT = "dwarf-with-dsym";
				ENABLE_NS_ASSERTIONS = NO;
				ENABLE_STRICT_OBJC_MSGSEND = YES;
				GCC_C_LANGUAGE_STANDARD = gnu11;
				GCC_NO_COMMON_BLOCKS = YES;
				GCC_WARN_64_TO_32_BIT_CONVERSION = YES;
				GCC_WARN_ABOUT_RETURN_TYPE = YES_ERROR;
				GCC_WARN_UNDECLARED_SELECTOR = YES;
				GCC_WARN_UNINITIALIZED_AUTOS = YES_AGGRESSIVE;
				GCC_WARN_UNUSED_FUNCTION = YES;
				GCC_WARN_UNUSED_VARIABLE = YES;
				IPHONEOS_DEPLOYMENT_TARGET = 11.4;
				MTL_ENABLE_DEBUG_INFO = NO;
				SDKROOT = iphoneos;
				VALIDATE_PRODUCT = YES;
			};
			name = Release;
		};
		64112A52213795D80045517F /* Debug */ = {
			isa = XCBuildConfiguration;
			buildSettings = {
				ASSETCATALOG_COMPILER_APPICON_NAME = AppIcon;
				CODE_SIGN_STYLE = Automatic;
				GCC_PREFIX_HEADER = "$(SRCROOT)/WSCTOOL/PCH/PrefixHeader.pch";
				INFOPLIST_FILE = WSCTOOL/Main/Info.plist;
				LD_RUNPATH_SEARCH_PATHS = (
					"$(inherited)",
					"@executable_path/Frameworks",
				);
				PRODUCT_BUNDLE_IDENTIFIER = WSC.WSCTOOL;
				PRODUCT_NAME = "$(TARGET_NAME)";
				TARGETED_DEVICE_FAMILY = "1,2";
			};
			name = Debug;
		};
		64112A53213795D80045517F /* Release */ = {
			isa = XCBuildConfiguration;
			buildSettings = {
				ASSETCATALOG_COMPILER_APPICON_NAME = AppIcon;
				CODE_SIGN_STYLE = Automatic;
				GCC_PREFIX_HEADER = "$(SRCROOT)/WSCTOOL/PCH/PrefixHeader.pch";
				INFOPLIST_FILE = WSCTOOL/Main/Info.plist;
				LD_RUNPATH_SEARCH_PATHS = (
					"$(inherited)",
					"@executable_path/Frameworks",
				);
				PRODUCT_BUNDLE_IDENTIFIER = WSC.WSCTOOL;
				PRODUCT_NAME = "$(TARGET_NAME)";
				TARGETED_DEVICE_FAMILY = "1,2";
			};
			name = Release;
		};
		64112A55213795D80045517F /* Debug */ = {
			isa = XCBuildConfiguration;
			buildSettings = {
				BUNDLE_LOADER = "$(TEST_HOST)";
				CODE_SIGN_STYLE = Automatic;
				INFOPLIST_FILE = WSCTOOLTests/Info.plist;
				LD_RUNPATH_SEARCH_PATHS = (
					"$(inherited)",
					"@executable_path/Frameworks",
					"@loader_path/Frameworks",
				);
				PRODUCT_BUNDLE_IDENTIFIER = WSC.WSCTOOLTests;
				PRODUCT_NAME = "$(TARGET_NAME)";
				TARGETED_DEVICE_FAMILY = "1,2";
				TEST_HOST = "$(BUILT_PRODUCTS_DIR)/WSCTOOL.app/WSCTOOL";
			};
			name = Debug;
		};
		64112A56213795D80045517F /* Release */ = {
			isa = XCBuildConfiguration;
			buildSettings = {
				BUNDLE_LOADER = "$(TEST_HOST)";
				CODE_SIGN_STYLE = Automatic;
				INFOPLIST_FILE = WSCTOOLTests/Info.plist;
				LD_RUNPATH_SEARCH_PATHS = (
					"$(inherited)",
					"@executable_path/Frameworks",
					"@loader_path/Frameworks",
				);
				PRODUCT_BUNDLE_IDENTIFIER = WSC.WSCTOOLTests;
				PRODUCT_NAME = "$(TARGET_NAME)";
				TARGETED_DEVICE_FAMILY = "1,2";
				TEST_HOST = "$(BUILT_PRODUCTS_DIR)/WSCTOOL.app/WSCTOOL";
			};
			name = Release;
		};
		64112A58213795D80045517F /* Debug */ = {
			isa = XCBuildConfiguration;
			buildSettings = {
				CODE_SIGN_STYLE = Automatic;
				INFOPLIST_FILE = WSCTOOLUITests/Info.plist;
				LD_RUNPATH_SEARCH_PATHS = (
					"$(inherited)",
					"@executable_path/Frameworks",
					"@loader_path/Frameworks",
				);
				PRODUCT_BUNDLE_IDENTIFIER = WSC.WSCTOOLUITests;
				PRODUCT_NAME = "$(TARGET_NAME)";
				TARGETED_DEVICE_FAMILY = "1,2";
				TEST_TARGET_NAME = WSCTOOL;
			};
			name = Debug;
		};
		64112A59213795D80045517F /* Release */ = {
			isa = XCBuildConfiguration;
			buildSettings = {
				CODE_SIGN_STYLE = Automatic;
				INFOPLIST_FILE = WSCTOOLUITests/Info.plist;
				LD_RUNPATH_SEARCH_PATHS = (
					"$(inherited)",
					"@executable_path/Frameworks",
					"@loader_path/Frameworks",
				);
				PRODUCT_BUNDLE_IDENTIFIER = WSC.WSCTOOLUITests;
				PRODUCT_NAME = "$(TARGET_NAME)";
				TARGETED_DEVICE_FAMILY = "1,2";
				TEST_TARGET_NAME = WSCTOOL;
			};
			name = Release;
		};
/* End XCBuildConfiguration section */

/* Begin XCConfigurationList section */
		64112A20213795D70045517F /* Build configuration list for PBXProject "WSCTOOL" */ = {
			isa = XCConfigurationList;
			buildConfigurations = (
				64112A4F213795D80045517F /* Debug */,
				64112A50213795D80045517F /* Release */,
			);
			defaultConfigurationIsVisible = 0;
			defaultConfigurationName = Release;
		};
		64112A51213795D80045517F /* Build configuration list for PBXNativeTarget "WSCTOOL" */ = {
			isa = XCConfigurationList;
			buildConfigurations = (
				64112A52213795D80045517F /* Debug */,
				64112A53213795D80045517F /* Release */,
			);
			defaultConfigurationIsVisible = 0;
			defaultConfigurationName = Release;
		};
		64112A54213795D80045517F /* Build configuration list for PBXNativeTarget "WSCTOOLTests" */ = {
			isa = XCConfigurationList;
			buildConfigurations = (
				64112A55213795D80045517F /* Debug */,
				64112A56213795D80045517F /* Release */,
			);
			defaultConfigurationIsVisible = 0;
			defaultConfigurationName = Release;
		};
		64112A57213795D80045517F /* Build configuration list for PBXNativeTarget "WSCTOOLUITests" */ = {
			isa = XCConfigurationList;
			buildConfigurations = (
				64112A58213795D80045517F /* Debug */,
				64112A59213795D80045517F /* Release */,
			);
			defaultConfigurationIsVisible = 0;
			defaultConfigurationName = Release;
		};
/* End XCConfigurationList section */
	};
	rootObject = 64112A1D213795D70045517F /* Project object */;
}
